
Microsoft Visual Studio Solution File, Format Version 12.00
# Visual Studio Version 17
VisualStudioVersion = 17.11.35312.102
MinimumVisualStudioVersion = 10.0.40219.1
Project("{FAE04EC0-301F-11D3-BF4B-00C04F79EFBC}") = "HeCacDoiTuongHinhHoc", "HeCacDoiTuongHinhHoc\HeCacDoiTuongHinhHoc.csproj", "{FF11D2B5-EC3E-4203-8629-CC9D6943B1DB}"
EndProject
Global
	GlobalSection(SolutionConfigurationPlatforms) = preSolution
		Debug|Any CPU = Debug|Any CPU
		Release|Any CPU = Release|Any CPU
	EndGlobalSection
	GlobalSection(ProjectConfigurationPlatforms) = postSolution
		{FF11D2B5-EC3E-4203-8629-CC9D6943B1DB}.Debug|Any CPU.ActiveCfg = Debug|Any CPU
		{FF11D2B5-EC3E-4203-8629-CC9D6943B1DB}.Debug|Any CPU.Build.0 = Debug|Any CPU
		{FF11D2B5-EC3E-4203-8629-CC9D6943B1DB}.Release|Any CPU.ActiveCfg = Release|Any CPU
		{FF11D2B5-EC3E-4203-8629-CC9D6943B1DB}.Release|Any CPU.Build.0 = Release|Any CPU
	EndGlobalSection
	GlobalSection(SolutionProperties) = preSolution
		HideSolutionNode = FALSE
	EndGlobalSection
	GlobalSection(ExtensibilityGlobals) = postSolution
		SolutionGuid = {8B7E9FDF-650B-4D74-B9D7-39F1ED2D6298}
	EndGlobalSection
EndGlobal
